
Microsoft Visual Studio Solution File, Format Version 12.00
# Visual Studio Version 17
VisualStudioVersion = 17.4.33103.184
MinimumVisualStudioVersion = 10.0.40219.1
Project("{9A19103F-16F7-4668-BE54-9A1E7A4F7556}") = "Event Poster 2.0", "Event Poster 2.0\Event Poster 2.0.csproj", "{54F2ED4B-FCA2-4F37-BDDD-0444A41B57A0}"
EndProject
Project("{9A19103F-16F7-4668-BE54-9A1E7A4F7556}") = "UnitTests", "UnitTests\UnitTests.csproj", "{6C7C45CC-ADDF-43AC-AD92-7C0235132978}"
EndProject
Global
	GlobalSection(SolutionConfigurationPlatforms) = preSolution
		Debug|Any CPU = Debug|Any CPU
		Release|Any CPU = Release|Any CPU
	EndGlobalSection
	GlobalSection(ProjectConfigurationPlatforms) = postSolution
		{54F2ED4B-FCA2-4F37-BDDD-0444A41B57A0}.Debug|Any CPU.ActiveCfg = Debug|Any CPU
		{54F2ED4B-FCA2-4F37-BDDD-0444A41B57A0}.Debug|Any CPU.Build.0 = Debug|Any CPU
		{54F2ED4B-FCA2-4F37-BDDD-0444A41B57A0}.Release|Any CPU.ActiveCfg = Release|Any CPU
		{54F2ED4B-FCA2-4F37-BDDD-0444A41B57A0}.Release|Any CPU.Build.0 = Release|Any CPU
		{6C7C45CC-ADDF-43AC-AD92-7C0235132978}.Debug|Any CPU.ActiveCfg = Debug|Any CPU
		{6C7C45CC-ADDF-43AC-AD92-7C0235132978}.Debug|Any CPU.Build.0 = Debug|Any CPU
		{6C7C45CC-ADDF-43AC-AD92-7C0235132978}.Release|Any CPU.ActiveCfg = Release|Any CPU
		{6C7C45CC-ADDF-43AC-AD92-7C0235132978}.Release|Any CPU.Build.0 = Release|Any CPU
	EndGlobalSection
	GlobalSection(SolutionProperties) = preSolution
		HideSolutionNode = FALSE
	EndGlobalSection
	GlobalSection(ExtensibilityGlobals) = postSolution
		SolutionGuid = {FEAEBFF7-FFB2-42AD-BCB6-5B169BA9F5E0}
	EndGlobalSection
EndGlobal
